
Microsoft Visual Studio Solution File, Format Version 12.00
# Visual Studio Version 17
VisualStudioVersion = 17.0.31903.59
MinimumVisualStudioVersion = 10.0.40219.1
Project("{FAE04EC0-301F-11D3-BF4B-00C04F79EFBC}") = "Triangulo_SemOOP", "Triangulo_SemOOP\Triangulo_SemOOP.csproj", "{7E272985-21F5-4165-BA65-F2E7226C32A2}"
EndProject
Project("{FAE04EC0-301F-11D3-BF4B-00C04F79EFBC}") = "Triangulo_comOOP", "Triangulo_comOOP\Triangulo_comOOP.csproj", "{55F2E65E-4DD6-44FF-B79D-62833F8373F8}"
EndProject
Project("{FAE04EC0-301F-11D3-BF4B-00C04F79EFBC}") = "ProjetoPessoa", "ProjetoPessoa\ProjetoPessoa.csproj", "{536D2F1A-D73F-47F8-9032-27CE44C6D78F}"
EndProject
Project("{FAE04EC0-301F-11D3-BF4B-00C04F79EFBC}") = "ProjetoFuncionario", "ProjetoFuncionario\ProjetoFuncionario.csproj", "{D90E51EF-A69C-454D-86F0-12108D5C9B30}"
EndProject
Project("{FAE04EC0-301F-11D3-BF4B-00C04F79EFBC}") = "ProjetoProduto", "ProjetoProduto\ProjetoProduto.csproj", "{A6F274E7-60F5-4012-A849-10B6C423ABA9}"
EndProject
Project("{FAE04EC0-301F-11D3-BF4B-00C04F79EFBC}") = "ProjetoRetangulo", "ProjetoRetangulo\ProjetoRetangulo.csproj", "{2B41737E-61B3-4B87-9EEB-90EB4AFF3BE8}"
EndProject
Project("{FAE04EC0-301F-11D3-BF4B-00C04F79EFBC}") = "ProjetoConversodeMoeda", "ProjetoConversodeMoeda\ProjetoConversodeMoeda.csproj", "{A4214A84-4F45-49C1-8E5D-F555372CD89F}"
EndProject
Project("{FAE04EC0-301F-11D3-BF4B-00C04F79EFBC}") = "ProjetoSistemaBancario", "ProjetoSistemaBancario\ProjetoSistemaBancario.csproj", "{52B898B9-EC29-4B50-B05D-C18712E85AC0}"
EndProject
Project("{FAE04EC0-301F-11D3-BF4B-00C04F79EFBC}") = "ProjetoStruct", "ProjetoStruct\ProjetoStruct.csproj", "{8BC9787D-15C9-423D-99DE-78D18F29FCCA}"
EndProject
Project("{FAE04EC0-301F-11D3-BF4B-00C04F79EFBC}") = "Nullable", "Nullable\Nullable.csproj", "{055221D0-C49B-4549-8607-ED2186F12512}"
EndProject
Global
	GlobalSection(SolutionConfigurationPlatforms) = preSolution
		Debug|Any CPU = Debug|Any CPU
		Release|Any CPU = Release|Any CPU
	EndGlobalSection
	GlobalSection(SolutionProperties) = preSolution
		HideSolutionNode = FALSE
	EndGlobalSection
	GlobalSection(ProjectConfigurationPlatforms) = postSolution
		{7E272985-21F5-4165-BA65-F2E7226C32A2}.Debug|Any CPU.ActiveCfg = Debug|Any CPU
		{7E272985-21F5-4165-BA65-F2E7226C32A2}.Debug|Any CPU.Build.0 = Debug|Any CPU
		{7E272985-21F5-4165-BA65-F2E7226C32A2}.Release|Any CPU.ActiveCfg = Release|Any CPU
		{7E272985-21F5-4165-BA65-F2E7226C32A2}.Release|Any CPU.Build.0 = Release|Any CPU
		{55F2E65E-4DD6-44FF-B79D-62833F8373F8}.Debug|Any CPU.ActiveCfg = Debug|Any CPU
		{55F2E65E-4DD6-44FF-B79D-62833F8373F8}.Debug|Any CPU.Build.0 = Debug|Any CPU
		{55F2E65E-4DD6-44FF-B79D-62833F8373F8}.Release|Any CPU.ActiveCfg = Release|Any CPU
		{55F2E65E-4DD6-44FF-B79D-62833F8373F8}.Release|Any CPU.Build.0 = Release|Any CPU
		{536D2F1A-D73F-47F8-9032-27CE44C6D78F}.Debug|Any CPU.ActiveCfg = Debug|Any CPU
		{536D2F1A-D73F-47F8-9032-27CE44C6D78F}.Debug|Any CPU.Build.0 = Debug|Any CPU
		{536D2F1A-D73F-47F8-9032-27CE44C6D78F}.Release|Any CPU.ActiveCfg = Release|Any CPU
		{536D2F1A-D73F-47F8-9032-27CE44C6D78F}.Release|Any CPU.Build.0 = Release|Any CPU
		{D90E51EF-A69C-454D-86F0-12108D5C9B30}.Debug|Any CPU.ActiveCfg = Debug|Any CPU
		{D90E51EF-A69C-454D-86F0-12108D5C9B30}.Debug|Any CPU.Build.0 = Debug|Any CPU
		{D90E51EF-A69C-454D-86F0-12108D5C9B30}.Release|Any CPU.ActiveCfg = Release|Any CPU
		{D90E51EF-A69C-454D-86F0-12108D5C9B30}.Release|Any CPU.Build.0 = Release|Any CPU
		{A6F274E7-60F5-4012-A849-10B6C423ABA9}.Debug|Any CPU.ActiveCfg = Debug|Any CPU
		{A6F274E7-60F5-4012-A849-10B6C423ABA9}.Debug|Any CPU.Build.0 = Debug|Any CPU
		{A6F274E7-60F5-4012-A849-10B6C423ABA9}.Release|Any CPU.ActiveCfg = Release|Any CPU
		{A6F274E7-60F5-4012-A849-10B6C423ABA9}.Release|Any CPU.Build.0 = Release|Any CPU
		{2B41737E-61B3-4B87-9EEB-90EB4AFF3BE8}.Debug|Any CPU.ActiveCfg = Debug|Any CPU
		{2B41737E-61B3-4B87-9EEB-90EB4AFF3BE8}.Debug|Any CPU.Build.0 = Debug|Any CPU
		{2B41737E-61B3-4B87-9EEB-90EB4AFF3BE8}.Release|Any CPU.ActiveCfg = Release|Any CPU
		{2B41737E-61B3-4B87-9EEB-90EB4AFF3BE8}.Release|Any CPU.Build.0 = Release|Any CPU
		{A4214A84-4F45-49C1-8E5D-F555372CD89F}.Debug|Any CPU.ActiveCfg = Debug|Any CPU
		{A4214A84-4F45-49C1-8E5D-F555372CD89F}.Debug|Any CPU.Build.0 = Debug|Any CPU
		{A4214A84-4F45-49C1-8E5D-F555372CD89F}.Release|Any CPU.ActiveCfg = Release|Any CPU
		{A4214A84-4F45-49C1-8E5D-F555372CD89F}.Release|Any CPU.Build.0 = Release|Any CPU
		{52B898B9-EC29-4B50-B05D-C18712E85AC0}.Debug|Any CPU.ActiveCfg = Debug|Any CPU
		{52B898B9-EC29-4B50-B05D-C18712E85AC0}.Debug|Any CPU.Build.0 = Debug|Any CPU
		{52B898B9-EC29-4B50-B05D-C18712E85AC0}.Release|Any CPU.ActiveCfg = Release|Any CPU
		{52B898B9-EC29-4B50-B05D-C18712E85AC0}.Release|Any CPU.Build.0 = Release|Any CPU
		{8BC9787D-15C9-423D-99DE-78D18F29FCCA}.Debug|Any CPU.ActiveCfg = Debug|Any CPU
		{8BC9787D-15C9-423D-99DE-78D18F29FCCA}.Debug|Any CPU.Build.0 = Debug|Any CPU
		{8BC9787D-15C9-423D-99DE-78D18F29FCCA}.Release|Any CPU.ActiveCfg = Release|Any CPU
		{8BC9787D-15C9-423D-99DE-78D18F29FCCA}.Release|Any CPU.Build.0 = Release|Any CPU
		{055221D0-C49B-4549-8607-ED2186F12512}.Debug|Any CPU.ActiveCfg = Debug|Any CPU
		{055221D0-C49B-4549-8607-ED2186F12512}.Debug|Any CPU.Build.0 = Debug|Any CPU
		{055221D0-C49B-4549-8607-ED2186F12512}.Release|Any CPU.ActiveCfg = Release|Any CPU
		{055221D0-C49B-4549-8607-ED2186F12512}.Release|Any CPU.Build.0 = Release|Any CPU
	EndGlobalSection
EndGlobal
