
Microsoft Visual Studio Solution File, Format Version 12.00
# Visual Studio Version 17
VisualStudioVersion = 17.0.31903.59
MinimumVisualStudioVersion = 10.0.40219.1
Project("{FAE04EC0-301F-11D3-BF4B-00C04F79EFBC}") = "Triangulo_SemOOP", "Triangulo_SemOOP\Triangulo_SemOOP.csproj", "{7E272985-21F5-4165-BA65-F2E7226C32A2}"
EndProject
Project("{FAE04EC0-301F-11D3-BF4B-00C04F79EFBC}") = "Triangulo_comOOP", "Triangulo_comOOP\Triangulo_comOOP.csproj", "{55F2E65E-4DD6-44FF-B79D-62833F8373F8}"
EndProject
Project("{FAE04EC0-301F-11D3-BF4B-00C04F79EFBC}") = "ProjetoPessoa", "ProjetoPessoa\ProjetoPessoa.csproj", "{536D2F1A-D73F-47F8-9032-27CE44C6D78F}"
EndProject
Project("{FAE04EC0-301F-11D3-BF4B-00C04F79EFBC}") = "ProjetoFuncionario", "ProjetoFuncionario\ProjetoFuncionario.csproj", "{D90E51EF-A69C-454D-86F0-12108D5C9B30}"
EndProject
Project("{FAE04EC0-301F-11D3-BF4B-00C04F79EFBC}") = "ProjetoProduto", "ProjetoProduto\ProjetoProduto.csproj", "{A6F274E7-60F5-4012-A849-10B6C423ABA9}"
EndProject
Project("{FAE04EC0-301F-11D3-BF4B-00C04F79EFBC}") = "ProjetoRetangulo", "ProjetoRetangulo\ProjetoRetangulo.csproj", "{2B41737E-61B3-4B87-9EEB-90EB4AFF3BE8}"
EndProject
Project("{FAE04EC0-301F-11D3-BF4B-00C04F79EFBC}") = "ProjetoConversodeMoeda", "ProjetoConversodeMoeda\ProjetoConversodeMoeda.csproj", "{A4214A84-4F45-49C1-8E5D-F555372CD89F}"
EndProject
Project("{FAE04EC0-301F-11D3-BF4B-00C04F79EFBC}") = "ProjetoSistemaBancario", "ProjetoSistemaBancario\ProjetoSistemaBancario.csproj", "{52B898B9-EC29-4B50-B05D-C18712E85AC0}"
EndProject
Project("{FAE04EC0-301F-11D3-BF4B-00C04F79EFBC}") = "ProjetoStruct", "ProjetoStruct\ProjetoStruct.csproj", "{8BC9787D-15C9-423D-99DE-78D18F29FCCA}"
EndProject
Project("{FAE04EC0-301F-11D3-BF4B-00C04F79EFBC}") = "Nullable", "Nullable\Nullable.csproj", "{055221D0-C49B-4549-8607-ED2186F12512}"
EndProject
Project("{FAE04EC0-301F-11D3-BF4B-00C04F79EFBC}") = "ProjetoVetor_Parte1", "ProjetoVetor_Parte1\ProjetoVetor_Parte1.csproj", "{B624156F-E9C4-4120-9D29-093BAABBF0AA}"
EndProject
Project("{FAE04EC0-301F-11D3-BF4B-00C04F79EFBC}") = "ProjetoVetor_Parte2", "ProjetoVetor_Parte2\ProjetoVetor_Parte2.csproj", "{EA296DB6-8147-469A-A0C5-E50700CAD3E0}"
EndProject
Project("{FAE04EC0-301F-11D3-BF4B-00C04F79EFBC}") = "ProjetoVetor_ExFixação", "ProjetoVetor_ExFixação\ProjetoVetor_ExFixação.csproj", "{FB63BCA2-450B-4D2C-A7FE-656838A307CC}"
EndProject
Project("{FAE04EC0-301F-11D3-BF4B-00C04F79EFBC}") = "ProjetoModificadodeParametos", "ProjetoModificadodeParametos\ProjetoModificadodeParametos.csproj", "{2B700CAF-DB2D-459B-B0A7-435B8F686E81}"
EndProject
Project("{FAE04EC0-301F-11D3-BF4B-00C04F79EFBC}") = "ProjetoModificadoresREFEOUT", "ProjetoModificadoresREFEOUT\ProjetoModificadoresREFEOUT.csproj", "{1EC18B77-F3C9-44F5-886D-16DAE242EC8C}"
EndProject
Project("{FAE04EC0-301F-11D3-BF4B-00C04F79EFBC}") = "ProjetoForeach", "ProjetoForeach\ProjetoForeach.csproj", "{72F7F839-95EE-4239-ACDE-BB5E903D3AD8}"
EndProject
Project("{FAE04EC0-301F-11D3-BF4B-00C04F79EFBC}") = "ProjetoLista_Part1", "ProjetoLista_Part1\ProjetoLista_Part1.csproj", "{0DADFC9E-D22A-4C28-95D7-DD1814F99BED}"
EndProject
Project("{FAE04EC0-301F-11D3-BF4B-00C04F79EFBC}") = "ProjetoLista_Part2", "ProjetoLista_Part2\ProjetoLista_Part2.csproj", "{5E540D95-6614-4C09-BAA1-0A373F7A45FD}"
EndProject
Project("{FAE04EC0-301F-11D3-BF4B-00C04F79EFBC}") = "ProjetoMatriz", "ProjetoMatriz\ProjetoMatriz.csproj", "{22EFEB41-782E-4DFE-93DB-BD43AC349E76}"
EndProject
Project("{FAE04EC0-301F-11D3-BF4B-00C04F79EFBC}") = "ProjetoMatriz_Parte1", "ProjetoMatriz_Parte1\ProjetoMatriz_Parte1.csproj", "{1E98DC20-FA4A-42A1-A7F7-49B0960A36FD}"
EndProject
Project("{FAE04EC0-301F-11D3-BF4B-00C04F79EFBC}") = "ProjetoMatriz_Parte2", "ProjetoMatriz_Parte2\ProjetoMatriz_Parte2.csproj", "{9E1F1876-6E20-413A-8C84-E88E25331BFA}"
EndProject
Project("{FAE04EC0-301F-11D3-BF4B-00C04F79EFBC}") = "ProjetoInferenciaVar", "ProjetoInferenciaVar\ProjetoInferenciaVar.csproj", "{652F4DC8-C5FA-4EFD-BD02-DAE3F2F4927A}"
EndProject
Project("{FAE04EC0-301F-11D3-BF4B-00C04F79EFBC}") = "ProjetoAlternativaSwitchCase", "ProjetoAlternativaSwitchCase\ProjetoAlternativaSwitchCase.csproj", "{24834F4F-960E-445B-B6C2-66D26ADB77B3}"
EndProject
Project("{FAE04EC0-301F-11D3-BF4B-00C04F79EFBC}") = "ProjetoEnum", "ProjetoEnum\ProjetoEnum.csproj", "{81145FB6-4DB9-4516-829B-A14F0E2E1AFD}"
EndProject
Project("{FAE04EC0-301F-11D3-BF4B-00C04F79EFBC}") = "ProjetoContrato", "ProjetoContrato\ProjetoContrato.csproj", "{A761525A-4622-445C-B2AD-0B5A58E64284}"
EndProject
Project("{FAE04EC0-301F-11D3-BF4B-00C04F79EFBC}") = "ProjetoStringBuilder", "ProjetoStringBuilder\ProjetoStringBuilder.csproj", "{68626EA6-A32F-44C8-BC91-B897DCB81E89}"
EndProject
Project("{FAE04EC0-301F-11D3-BF4B-00C04F79EFBC}") = "ProjetoPedido", "ProjetoPedido\ProjetoPedido.csproj", "{E3D6E6F8-6C51-43FB-8C63-54CE0201D678}"
EndProject
Project("{FAE04EC0-301F-11D3-BF4B-00C04F79EFBC}") = "Herenca", "Herenca\Herenca.csproj", "{2A784B36-A00E-4C05-9CBE-C5816763C665}"
EndProject
Global
	GlobalSection(SolutionConfigurationPlatforms) = preSolution
		Debug|Any CPU = Debug|Any CPU
		Release|Any CPU = Release|Any CPU
	EndGlobalSection
	GlobalSection(SolutionProperties) = preSolution
		HideSolutionNode = FALSE
	EndGlobalSection
	GlobalSection(ProjectConfigurationPlatforms) = postSolution
		{7E272985-21F5-4165-BA65-F2E7226C32A2}.Debug|Any CPU.ActiveCfg = Debug|Any CPU
		{7E272985-21F5-4165-BA65-F2E7226C32A2}.Debug|Any CPU.Build.0 = Debug|Any CPU
		{7E272985-21F5-4165-BA65-F2E7226C32A2}.Release|Any CPU.ActiveCfg = Release|Any CPU
		{7E272985-21F5-4165-BA65-F2E7226C32A2}.Release|Any CPU.Build.0 = Release|Any CPU
		{55F2E65E-4DD6-44FF-B79D-62833F8373F8}.Debug|Any CPU.ActiveCfg = Debug|Any CPU
		{55F2E65E-4DD6-44FF-B79D-62833F8373F8}.Debug|Any CPU.Build.0 = Debug|Any CPU
		{55F2E65E-4DD6-44FF-B79D-62833F8373F8}.Release|Any CPU.ActiveCfg = Release|Any CPU
		{55F2E65E-4DD6-44FF-B79D-62833F8373F8}.Release|Any CPU.Build.0 = Release|Any CPU
		{536D2F1A-D73F-47F8-9032-27CE44C6D78F}.Debug|Any CPU.ActiveCfg = Debug|Any CPU
		{536D2F1A-D73F-47F8-9032-27CE44C6D78F}.Debug|Any CPU.Build.0 = Debug|Any CPU
		{536D2F1A-D73F-47F8-9032-27CE44C6D78F}.Release|Any CPU.ActiveCfg = Release|Any CPU
		{536D2F1A-D73F-47F8-9032-27CE44C6D78F}.Release|Any CPU.Build.0 = Release|Any CPU
		{D90E51EF-A69C-454D-86F0-12108D5C9B30}.Debug|Any CPU.ActiveCfg = Debug|Any CPU
		{D90E51EF-A69C-454D-86F0-12108D5C9B30}.Debug|Any CPU.Build.0 = Debug|Any CPU
		{D90E51EF-A69C-454D-86F0-12108D5C9B30}.Release|Any CPU.ActiveCfg = Release|Any CPU
		{D90E51EF-A69C-454D-86F0-12108D5C9B30}.Release|Any CPU.Build.0 = Release|Any CPU
		{A6F274E7-60F5-4012-A849-10B6C423ABA9}.Debug|Any CPU.ActiveCfg = Debug|Any CPU
		{A6F274E7-60F5-4012-A849-10B6C423ABA9}.Debug|Any CPU.Build.0 = Debug|Any CPU
		{A6F274E7-60F5-4012-A849-10B6C423ABA9}.Release|Any CPU.ActiveCfg = Release|Any CPU
		{A6F274E7-60F5-4012-A849-10B6C423ABA9}.Release|Any CPU.Build.0 = Release|Any CPU
		{2B41737E-61B3-4B87-9EEB-90EB4AFF3BE8}.Debug|Any CPU.ActiveCfg = Debug|Any CPU
		{2B41737E-61B3-4B87-9EEB-90EB4AFF3BE8}.Debug|Any CPU.Build.0 = Debug|Any CPU
		{2B41737E-61B3-4B87-9EEB-90EB4AFF3BE8}.Release|Any CPU.ActiveCfg = Release|Any CPU
		{2B41737E-61B3-4B87-9EEB-90EB4AFF3BE8}.Release|Any CPU.Build.0 = Release|Any CPU
		{A4214A84-4F45-49C1-8E5D-F555372CD89F}.Debug|Any CPU.ActiveCfg = Debug|Any CPU
		{A4214A84-4F45-49C1-8E5D-F555372CD89F}.Debug|Any CPU.Build.0 = Debug|Any CPU
		{A4214A84-4F45-49C1-8E5D-F555372CD89F}.Release|Any CPU.ActiveCfg = Release|Any CPU
		{A4214A84-4F45-49C1-8E5D-F555372CD89F}.Release|Any CPU.Build.0 = Release|Any CPU
		{52B898B9-EC29-4B50-B05D-C18712E85AC0}.Debug|Any CPU.ActiveCfg = Debug|Any CPU
		{52B898B9-EC29-4B50-B05D-C18712E85AC0}.Debug|Any CPU.Build.0 = Debug|Any CPU
		{52B898B9-EC29-4B50-B05D-C18712E85AC0}.Release|Any CPU.ActiveCfg = Release|Any CPU
		{52B898B9-EC29-4B50-B05D-C18712E85AC0}.Release|Any CPU.Build.0 = Release|Any CPU
		{8BC9787D-15C9-423D-99DE-78D18F29FCCA}.Debug|Any CPU.ActiveCfg = Debug|Any CPU
		{8BC9787D-15C9-423D-99DE-78D18F29FCCA}.Debug|Any CPU.Build.0 = Debug|Any CPU
		{8BC9787D-15C9-423D-99DE-78D18F29FCCA}.Release|Any CPU.ActiveCfg = Release|Any CPU
		{8BC9787D-15C9-423D-99DE-78D18F29FCCA}.Release|Any CPU.Build.0 = Release|Any CPU
		{055221D0-C49B-4549-8607-ED2186F12512}.Debug|Any CPU.ActiveCfg = Debug|Any CPU
		{055221D0-C49B-4549-8607-ED2186F12512}.Debug|Any CPU.Build.0 = Debug|Any CPU
		{055221D0-C49B-4549-8607-ED2186F12512}.Release|Any CPU.ActiveCfg = Release|Any CPU
		{055221D0-C49B-4549-8607-ED2186F12512}.Release|Any CPU.Build.0 = Release|Any CPU
		{B624156F-E9C4-4120-9D29-093BAABBF0AA}.Debug|Any CPU.ActiveCfg = Debug|Any CPU
		{B624156F-E9C4-4120-9D29-093BAABBF0AA}.Debug|Any CPU.Build.0 = Debug|Any CPU
		{B624156F-E9C4-4120-9D29-093BAABBF0AA}.Release|Any CPU.ActiveCfg = Release|Any CPU
		{B624156F-E9C4-4120-9D29-093BAABBF0AA}.Release|Any CPU.Build.0 = Release|Any CPU
		{EA296DB6-8147-469A-A0C5-E50700CAD3E0}.Debug|Any CPU.ActiveCfg = Debug|Any CPU
		{EA296DB6-8147-469A-A0C5-E50700CAD3E0}.Debug|Any CPU.Build.0 = Debug|Any CPU
		{EA296DB6-8147-469A-A0C5-E50700CAD3E0}.Release|Any CPU.ActiveCfg = Release|Any CPU
		{EA296DB6-8147-469A-A0C5-E50700CAD3E0}.Release|Any CPU.Build.0 = Release|Any CPU
		{FB63BCA2-450B-4D2C-A7FE-656838A307CC}.Debug|Any CPU.ActiveCfg = Debug|Any CPU
		{FB63BCA2-450B-4D2C-A7FE-656838A307CC}.Debug|Any CPU.Build.0 = Debug|Any CPU
		{FB63BCA2-450B-4D2C-A7FE-656838A307CC}.Release|Any CPU.ActiveCfg = Release|Any CPU
		{FB63BCA2-450B-4D2C-A7FE-656838A307CC}.Release|Any CPU.Build.0 = Release|Any CPU
		{2B700CAF-DB2D-459B-B0A7-435B8F686E81}.Debug|Any CPU.ActiveCfg = Debug|Any CPU
		{2B700CAF-DB2D-459B-B0A7-435B8F686E81}.Debug|Any CPU.Build.0 = Debug|Any CPU
		{2B700CAF-DB2D-459B-B0A7-435B8F686E81}.Release|Any CPU.ActiveCfg = Release|Any CPU
		{2B700CAF-DB2D-459B-B0A7-435B8F686E81}.Release|Any CPU.Build.0 = Release|Any CPU
		{1EC18B77-F3C9-44F5-886D-16DAE242EC8C}.Debug|Any CPU.ActiveCfg = Debug|Any CPU
		{1EC18B77-F3C9-44F5-886D-16DAE242EC8C}.Debug|Any CPU.Build.0 = Debug|Any CPU
		{1EC18B77-F3C9-44F5-886D-16DAE242EC8C}.Release|Any CPU.ActiveCfg = Release|Any CPU
		{1EC18B77-F3C9-44F5-886D-16DAE242EC8C}.Release|Any CPU.Build.0 = Release|Any CPU
		{72F7F839-95EE-4239-ACDE-BB5E903D3AD8}.Debug|Any CPU.ActiveCfg = Debug|Any CPU
		{72F7F839-95EE-4239-ACDE-BB5E903D3AD8}.Debug|Any CPU.Build.0 = Debug|Any CPU
		{72F7F839-95EE-4239-ACDE-BB5E903D3AD8}.Release|Any CPU.ActiveCfg = Release|Any CPU
		{72F7F839-95EE-4239-ACDE-BB5E903D3AD8}.Release|Any CPU.Build.0 = Release|Any CPU
		{0DADFC9E-D22A-4C28-95D7-DD1814F99BED}.Debug|Any CPU.ActiveCfg = Debug|Any CPU
		{0DADFC9E-D22A-4C28-95D7-DD1814F99BED}.Debug|Any CPU.Build.0 = Debug|Any CPU
		{0DADFC9E-D22A-4C28-95D7-DD1814F99BED}.Release|Any CPU.ActiveCfg = Release|Any CPU
		{0DADFC9E-D22A-4C28-95D7-DD1814F99BED}.Release|Any CPU.Build.0 = Release|Any CPU
		{5E540D95-6614-4C09-BAA1-0A373F7A45FD}.Debug|Any CPU.ActiveCfg = Debug|Any CPU
		{5E540D95-6614-4C09-BAA1-0A373F7A45FD}.Debug|Any CPU.Build.0 = Debug|Any CPU
		{5E540D95-6614-4C09-BAA1-0A373F7A45FD}.Release|Any CPU.ActiveCfg = Release|Any CPU
		{5E540D95-6614-4C09-BAA1-0A373F7A45FD}.Release|Any CPU.Build.0 = Release|Any CPU
		{22EFEB41-782E-4DFE-93DB-BD43AC349E76}.Debug|Any CPU.ActiveCfg = Debug|Any CPU
		{22EFEB41-782E-4DFE-93DB-BD43AC349E76}.Debug|Any CPU.Build.0 = Debug|Any CPU
		{22EFEB41-782E-4DFE-93DB-BD43AC349E76}.Release|Any CPU.ActiveCfg = Release|Any CPU
		{22EFEB41-782E-4DFE-93DB-BD43AC349E76}.Release|Any CPU.Build.0 = Release|Any CPU
		{1E98DC20-FA4A-42A1-A7F7-49B0960A36FD}.Debug|Any CPU.ActiveCfg = Debug|Any CPU
		{1E98DC20-FA4A-42A1-A7F7-49B0960A36FD}.Debug|Any CPU.Build.0 = Debug|Any CPU
		{1E98DC20-FA4A-42A1-A7F7-49B0960A36FD}.Release|Any CPU.ActiveCfg = Release|Any CPU
		{1E98DC20-FA4A-42A1-A7F7-49B0960A36FD}.Release|Any CPU.Build.0 = Release|Any CPU
		{9E1F1876-6E20-413A-8C84-E88E25331BFA}.Debug|Any CPU.ActiveCfg = Debug|Any CPU
		{9E1F1876-6E20-413A-8C84-E88E25331BFA}.Debug|Any CPU.Build.0 = Debug|Any CPU
		{9E1F1876-6E20-413A-8C84-E88E25331BFA}.Release|Any CPU.ActiveCfg = Release|Any CPU
		{9E1F1876-6E20-413A-8C84-E88E25331BFA}.Release|Any CPU.Build.0 = Release|Any CPU
		{652F4DC8-C5FA-4EFD-BD02-DAE3F2F4927A}.Debug|Any CPU.ActiveCfg = Debug|Any CPU
		{652F4DC8-C5FA-4EFD-BD02-DAE3F2F4927A}.Debug|Any CPU.Build.0 = Debug|Any CPU
		{652F4DC8-C5FA-4EFD-BD02-DAE3F2F4927A}.Release|Any CPU.ActiveCfg = Release|Any CPU
		{652F4DC8-C5FA-4EFD-BD02-DAE3F2F4927A}.Release|Any CPU.Build.0 = Release|Any CPU
		{24834F4F-960E-445B-B6C2-66D26ADB77B3}.Debug|Any CPU.ActiveCfg = Debug|Any CPU
		{24834F4F-960E-445B-B6C2-66D26ADB77B3}.Debug|Any CPU.Build.0 = Debug|Any CPU
		{24834F4F-960E-445B-B6C2-66D26ADB77B3}.Release|Any CPU.ActiveCfg = Release|Any CPU
		{24834F4F-960E-445B-B6C2-66D26ADB77B3}.Release|Any CPU.Build.0 = Release|Any CPU
		{81145FB6-4DB9-4516-829B-A14F0E2E1AFD}.Debug|Any CPU.ActiveCfg = Debug|Any CPU
		{81145FB6-4DB9-4516-829B-A14F0E2E1AFD}.Debug|Any CPU.Build.0 = Debug|Any CPU
		{81145FB6-4DB9-4516-829B-A14F0E2E1AFD}.Release|Any CPU.ActiveCfg = Release|Any CPU
		{81145FB6-4DB9-4516-829B-A14F0E2E1AFD}.Release|Any CPU.Build.0 = Release|Any CPU
		{A761525A-4622-445C-B2AD-0B5A58E64284}.Debug|Any CPU.ActiveCfg = Debug|Any CPU
		{A761525A-4622-445C-B2AD-0B5A58E64284}.Debug|Any CPU.Build.0 = Debug|Any CPU
		{A761525A-4622-445C-B2AD-0B5A58E64284}.Release|Any CPU.ActiveCfg = Release|Any CPU
		{A761525A-4622-445C-B2AD-0B5A58E64284}.Release|Any CPU.Build.0 = Release|Any CPU
		{68626EA6-A32F-44C8-BC91-B897DCB81E89}.Debug|Any CPU.ActiveCfg = Debug|Any CPU
		{68626EA6-A32F-44C8-BC91-B897DCB81E89}.Debug|Any CPU.Build.0 = Debug|Any CPU
		{68626EA6-A32F-44C8-BC91-B897DCB81E89}.Release|Any CPU.ActiveCfg = Release|Any CPU
		{68626EA6-A32F-44C8-BC91-B897DCB81E89}.Release|Any CPU.Build.0 = Release|Any CPU
		{E3D6E6F8-6C51-43FB-8C63-54CE0201D678}.Debug|Any CPU.ActiveCfg = Debug|Any CPU
		{E3D6E6F8-6C51-43FB-8C63-54CE0201D678}.Debug|Any CPU.Build.0 = Debug|Any CPU
		{E3D6E6F8-6C51-43FB-8C63-54CE0201D678}.Release|Any CPU.ActiveCfg = Release|Any CPU
		{E3D6E6F8-6C51-43FB-8C63-54CE0201D678}.Release|Any CPU.Build.0 = Release|Any CPU
		{2A784B36-A00E-4C05-9CBE-C5816763C665}.Debug|Any CPU.ActiveCfg = Debug|Any CPU
		{2A784B36-A00E-4C05-9CBE-C5816763C665}.Debug|Any CPU.Build.0 = Debug|Any CPU
		{2A784B36-A00E-4C05-9CBE-C5816763C665}.Release|Any CPU.ActiveCfg = Release|Any CPU
		{2A784B36-A00E-4C05-9CBE-C5816763C665}.Release|Any CPU.Build.0 = Release|Any CPU
	EndGlobalSection
EndGlobal
